{
  "meteor": {},
  "dependencies": {
    "basePackages": {
      "easy-search": {}
    },
    "packages": {
      "easy-search": {
        "git": "https://github.com/matteodem/meteor-easy-search.git",
        "tag": "v1.0.0",
        "commit": "d32e13f396bc36560edf64b55a3c2dd17e22c9c7"
      }
    }
  }
}
